
Microsoft Visual Studio Solution File, Format Version 12.00
# Visual Studio Version 16
VisualStudioVersion = 16.0.32901.82
MinimumVisualStudioVersion = 10.0.40219.1
Project("{FAE04EC0-301F-11D3-BF4B-00C04F79EFBC}") = "testproject", "testproject\testproject.csproj", "{FA34A77C-770E-40E5-B2F5-6A3CC09CD1B4}"
EndProject
Global
	GlobalSection(SolutionConfigurationPlatforms) = preSolution
		Debug|Any CPU = Debug|Any CPU
		Release|Any CPU = Release|Any CPU
	EndGlobalSection
	GlobalSection(ProjectConfigurationPlatforms) = postSolution
		{FA34A77C-770E-40E5-B2F5-6A3CC09CD1B4}.Debug|Any CPU.ActiveCfg = Debug|Any CPU
		{FA34A77C-770E-40E5-B2F5-6A3CC09CD1B4}.Debug|Any CPU.Build.0 = Debug|Any CPU
		{FA34A77C-770E-40E5-B2F5-6A3CC09CD1B4}.Release|Any CPU.ActiveCfg = Release|Any CPU
		{FA34A77C-770E-40E5-B2F5-6A3CC09CD1B4}.Release|Any CPU.Build.0 = Release|Any CPU
	EndGlobalSection
	GlobalSection(SolutionProperties) = preSolution
		HideSolutionNode = FALSE
	EndGlobalSection
	GlobalSection(ExtensibilityGlobals) = postSolution
		SolutionGuid = {EA606A37-5E65-4BA5-B126-8FE120867FBA}
	EndGlobalSection
EndGlobal
